{
  "pins" : [
    {
      "identity" : "capacitor-swift-pm",
      "kind" : "remoteSourceControl",
      "location" : "https://github.com/ionic-team/capacitor-swift-pm.git",
      "state" : {
        "revision" : "6a2a3feb25fda8df2a284d0818bc9c83e57a7d56",
        "version" : "8.3.0"
      }
    },
    {
      "identity" : "live-update-provider-sdk",
      "kind" : "remoteSourceControl",
      "location" : "https://github.com/ionic-team/live-update-provider-sdk",
      "state" : {
        "revision" : "090663d12ad6512b774f65064c48aefee3a0159d",
        "version" : "0.1.0-alpha.2"
      }
    }
  ],
  "version" : 2
}
